
Microsoft Visual Studio Solution File, Format Version 12.00
# Visual Studio Version 16
VisualStudioVersion = 16.0.29905.134
MinimumVisualStudioVersion = 10.0.40219.1
Project("{FAE04EC0-301F-11D3-BF4B-00C04F79EFBC}") = "PrototipoVendasMVC", "PrototipoVendasMVC\PrototipoVendasMVC.csproj", "{AC29AFF4-7B68-4A34-BF8F-15BA7D823FED}"
EndProject
Global
	GlobalSection(SolutionConfigurationPlatforms) = preSolution
		Debug|Any CPU = Debug|Any CPU
		Release|Any CPU = Release|Any CPU
	EndGlobalSection
	GlobalSection(ProjectConfigurationPlatforms) = postSolution
		{AC29AFF4-7B68-4A34-BF8F-15BA7D823FED}.Debug|Any CPU.ActiveCfg = Debug|Any CPU
		{AC29AFF4-7B68-4A34-BF8F-15BA7D823FED}.Debug|Any CPU.Build.0 = Debug|Any CPU
		{AC29AFF4-7B68-4A34-BF8F-15BA7D823FED}.Release|Any CPU.ActiveCfg = Release|Any CPU
		{AC29AFF4-7B68-4A34-BF8F-15BA7D823FED}.Release|Any CPU.Build.0 = Release|Any CPU
	EndGlobalSection
	GlobalSection(SolutionProperties) = preSolution
		HideSolutionNode = FALSE
	EndGlobalSection
	GlobalSection(ExtensibilityGlobals) = postSolution
		SolutionGuid = {7EBA2954-02ED-4224-9764-FCA732734BEE}
	EndGlobalSection
EndGlobal
